<?xml version="1.0" encoding="utf-8"?>
<Project ToolsVersion="4.0" xmlns="http://schemas.microsoft.com/developer/msbuild/2003">
  <ItemGroup>
    <Filter Include="Source Files">
      <UniqueIdentifier>{4FC737F1-C7A5-4376-A066-2A32D752A2FF}</UniqueIdentifier>
      <Extensions>cpp;c;cc;cxx;def;odl;idl;hpj;bat;asm;asmx</Extensions>
    </Filter>
    <Filter Include="Header Files">
      <UniqueIdentifier>{93995380-89BD-4b04-88EB-625FBE52EBFB}</UniqueIdentifier>
      <Extensions>h;hh;hpp;hxx;hm;inl;inc;xsd</Extensions>
    </Filter>
    <Filter Include="Resource Files">
      <UniqueIdentifier>{67DA6AB6-F800-4c08-8B7A-83BB121AAD01}</UniqueIdentifier>
      <Extensions>rc;ico;cur;bmp;dlg;rc2;rct;bin;rgs;gif;jpg;jpeg;jpe;resx;tiff;tif;png;wav;mfcribbon-ms</Extensions>
    </Filter>
    <Filter Include="PB">
      <UniqueIdentifier>{2cdc21e6-7e2a-4a9f-891e-733c69ebc86c}</UniqueIdentifier>
    </Filter>
    <Filter Include="Common">
      <UniqueIdentifier>{f7b2ec5b-4242-4b44-87a6-77b682f4697c}</UniqueIdentifier>
    </Filter>
  </ItemGroup>
  <ItemGroup>
    <ClInclude Include="include\julia_interface.h">
      <Filter>Header Files</Filter>
    </ClInclude>
    <ClInclude Include="include\control_julia.h">
      <Filter>Header Files</Filter>
    </ClInclude>
    <ClInclude Include="..\PB\variable.pb.h">
      <Filter>PB</Filter>
    </ClInclude>
    <ClInclude Include="..\Common\pipe.h">
      <Filter>Common</Filter>
    </ClInclude>
    <ClInclude Include="..\Common\process_exit_codes.h">
      <Filter>Common</Filter>
    </ClInclude>
    <ClInclude Include="..\Common\string_utilities.h">
      <Filter>Common</Filter>
    </ClInclude>
    <ClInclude Include="..\Common\message_utilities.h">
      <Filter>Common</Filter>
    </ClInclude>
    <ClInclude Include="..\Common\windows_api_functions.h">
      <Filter>Common</Filter>
    </ClInclude>
    <ClInclude Include="..\Common\json11\json11.hpp">
      <Filter>Common</Filter>
    </ClInclude>
  </ItemGroup>
  <ItemGroup>
    <ClCompile Include="src\julia_interface.cc">
      <Filter>Source Files</Filter>
    </ClCompile>
    <ClCompile Include="src\control_julia.cc">
      <Filter>Source Files</Filter>
    </ClCompile>
    <ClCompile Include="..\PB\variable.pb.cc">
      <Filter>PB</Filter>
    </ClCompile>
    <ClCompile Include="..\Common\pipe.cc">
      <Filter>Common</Filter>
    </ClCompile>
    <ClCompile Include="..\Common\message_utilities.cc">
      <Filter>Common</Filter>
    </ClCompile>
    <ClCompile Include="..\Common\windows_api_functions.cc">
      <Filter>Common</Filter>
    </ClCompile>
    <ClCompile Include="..\Common\json11\json11.cpp">
      <Filter>Common</Filter>
    </ClCompile>
  </ItemGroup>
</Project>