
Microsoft Visual Studio Solution File, Format Version 12.00
# Visual Studio 15
VisualStudioVersion = 15.0.27004.2002
MinimumVisualStudioVersion = 10.0.40219.1
Project("{8BC9CEB8-8B4A-11D0-8D11-00A0C91BC942}") = "BERT", "BERT\BERT.vcxproj", "{0CA760D0-16BE-4A7E-A1BF-7296BF699485}"
	ProjectSection(ProjectDependencies) = postProject
		{3FAA4E29-8871-445F-9068-BF6518C295B5} = {3FAA4E29-8871-445F-9068-BF6518C295B5}
		{ADE9DA3C-93BF-4469-83B7-FBC015B6497F} = {ADE9DA3C-93BF-4469-83B7-FBC015B6497F}
		{E94424C4-D404-42CC-8D18-EF3462C4D7FB} = {E94424C4-D404-42CC-8D18-EF3462C4D7FB}
		{3F1862DE-C93C-4980-84E1-D69792BF271F} = {3F1862DE-C93C-4980-84E1-D69792BF271F}
	EndProjectSection
EndProject
Project("{8BC9CEB8-8B4A-11D0-8D11-00A0C91BC942}") = "ControlR", "..\ControlR\ControlR.vcxproj", "{ADE9DA3C-93BF-4469-83B7-FBC015B6497F}"
EndProject
Project("{8BC9CEB8-8B4A-11D0-8D11-00A0C91BC942}") = "Ribbon", "..\Ribbon\BERTRibbon2.vcxproj", "{3FAA4E29-8871-445F-9068-BF6518C295B5}"
EndProject
Project("{8BC9CEB8-8B4A-11D0-8D11-00A0C91BC942}") = "ControlJulia", "..\ControlJulia\ControlJulia.vcxproj", "{3F1862DE-C93C-4980-84E1-D69792BF271F}"
EndProject
Project("{8BC9CEB8-8B4A-11D0-8D11-00A0C91BC942}") = "ControlJulia07", "..\ControlJulia-0.7\ControlJulia07.vcxproj", "{E94424C4-D404-42CC-8D18-EF3462C4D7FB}"
EndProject
Global
	GlobalSection(SolutionConfigurationPlatforms) = preSolution
		Debug|x64 = Debug|x64
		Debug|x86 = Debug|x86
		Release|x64 = Release|x64
		Release|x86 = Release|x86
	EndGlobalSection
	GlobalSection(ProjectConfigurationPlatforms) = postSolution
		{0CA760D0-16BE-4A7E-A1BF-7296BF699485}.Debug|x64.ActiveCfg = Debug|x64
		{0CA760D0-16BE-4A7E-A1BF-7296BF699485}.Debug|x64.Build.0 = Debug|x64
		{0CA760D0-16BE-4A7E-A1BF-7296BF699485}.Debug|x86.ActiveCfg = Debug|Win32
		{0CA760D0-16BE-4A7E-A1BF-7296BF699485}.Release|x64.ActiveCfg = Release|x64
		{0CA760D0-16BE-4A7E-A1BF-7296BF699485}.Release|x64.Build.0 = Release|x64
		{0CA760D0-16BE-4A7E-A1BF-7296BF699485}.Release|x86.ActiveCfg = Release|Win32
		{0CA760D0-16BE-4A7E-A1BF-7296BF699485}.Release|x86.Build.0 = Release|Win32
		{ADE9DA3C-93BF-4469-83B7-FBC015B6497F}.Debug|x64.ActiveCfg = Debug|x64
		{ADE9DA3C-93BF-4469-83B7-FBC015B6497F}.Debug|x64.Build.0 = Debug|x64
		{ADE9DA3C-93BF-4469-83B7-FBC015B6497F}.Debug|x86.ActiveCfg = Debug|Win32
		{ADE9DA3C-93BF-4469-83B7-FBC015B6497F}.Release|x64.ActiveCfg = Release|x64
		{ADE9DA3C-93BF-4469-83B7-FBC015B6497F}.Release|x64.Build.0 = Release|x64
		{ADE9DA3C-93BF-4469-83B7-FBC015B6497F}.Release|x86.ActiveCfg = Release|Win32
		{3FAA4E29-8871-445F-9068-BF6518C295B5}.Debug|x64.ActiveCfg = Debug|x64
		{3FAA4E29-8871-445F-9068-BF6518C295B5}.Debug|x64.Build.0 = Debug|x64
		{3FAA4E29-8871-445F-9068-BF6518C295B5}.Debug|x86.ActiveCfg = Debug|Win32
		{3FAA4E29-8871-445F-9068-BF6518C295B5}.Release|x64.ActiveCfg = Release|x64
		{3FAA4E29-8871-445F-9068-BF6518C295B5}.Release|x64.Build.0 = Release|x64
		{3FAA4E29-8871-445F-9068-BF6518C295B5}.Release|x86.ActiveCfg = Release|Win32
		{3FAA4E29-8871-445F-9068-BF6518C295B5}.Release|x86.Build.0 = Release|Win32
		{3F1862DE-C93C-4980-84E1-D69792BF271F}.Debug|x64.ActiveCfg = Debug|x64
		{3F1862DE-C93C-4980-84E1-D69792BF271F}.Debug|x64.Build.0 = Debug|x64
		{3F1862DE-C93C-4980-84E1-D69792BF271F}.Debug|x86.ActiveCfg = Debug|Win32
		{3F1862DE-C93C-4980-84E1-D69792BF271F}.Release|x64.ActiveCfg = Release|x64
		{3F1862DE-C93C-4980-84E1-D69792BF271F}.Release|x64.Build.0 = Release|x64
		{3F1862DE-C93C-4980-84E1-D69792BF271F}.Release|x86.ActiveCfg = Release|Win32
		{E94424C4-D404-42CC-8D18-EF3462C4D7FB}.Debug|x64.ActiveCfg = Debug|x64
		{E94424C4-D404-42CC-8D18-EF3462C4D7FB}.Debug|x64.Build.0 = Debug|x64
		{E94424C4-D404-42CC-8D18-EF3462C4D7FB}.Debug|x86.ActiveCfg = Debug|Win32
		{E94424C4-D404-42CC-8D18-EF3462C4D7FB}.Debug|x86.Build.0 = Debug|Win32
		{E94424C4-D404-42CC-8D18-EF3462C4D7FB}.Release|x64.ActiveCfg = Release|x64
		{E94424C4-D404-42CC-8D18-EF3462C4D7FB}.Release|x64.Build.0 = Release|x64
		{E94424C4-D404-42CC-8D18-EF3462C4D7FB}.Release|x86.ActiveCfg = Release|Win32
	EndGlobalSection
	GlobalSection(SolutionProperties) = preSolution
		HideSolutionNode = FALSE
	EndGlobalSection
	GlobalSection(ExtensibilityGlobals) = postSolution
		SolutionGuid = {06367D13-377C-4D92-96FC-3DF0BF0DFEFB}
	EndGlobalSection
EndGlobal
