<?xml version="1.0" encoding="utf-8"?>
<Project ToolsVersion="4.0" xmlns="http://schemas.microsoft.com/developer/msbuild/2003">
  <ItemGroup>
    <Filter Include="Source Files">
      <UniqueIdentifier>{4FC737F1-C7A5-4376-A066-2A32D752A2FF}</UniqueIdentifier>
      <Extensions>cpp;c;cc;cxx;def;odl;idl;hpj;bat;asm;asmx</Extensions>
    </Filter>
    <Filter Include="Header Files">
      <UniqueIdentifier>{93995380-89BD-4b04-88EB-625FBE52EBFB}</UniqueIdentifier>
      <Extensions>h;hh;hpp;hxx;hm;inl;inc;xsd</Extensions>
    </Filter>
    <Filter Include="Resource Files">
      <UniqueIdentifier>{67DA6AB6-F800-4c08-8B7A-83BB121AAD01}</UniqueIdentifier>
      <Extensions>rc;ico;cur;bmp;dlg;rc2;rct;bin;rgs;gif;jpg;jpeg;jpe;resx;tiff;tif;png;wav;mfcribbon-ms</Extensions>
    </Filter>
    <Filter Include="common">
      <UniqueIdentifier>{3db2ee2b-2cae-48bd-b95b-93783c2dc94f}</UniqueIdentifier>
    </Filter>
    <Filter Include="PB">
      <UniqueIdentifier>{e2b1ecea-c835-44d9-b127-5040f006ad36}</UniqueIdentifier>
    </Filter>
  </ItemGroup>
  <ItemGroup>
    <ClInclude Include="include\controlr2.h">
      <Filter>Header Files</Filter>
    </ClInclude>
    <ClInclude Include="include\controlr_common.h">
      <Filter>Header Files</Filter>
    </ClInclude>
    <ClInclude Include="include\convert.h">
      <Filter>Header Files</Filter>
    </ClInclude>
    <ClInclude Include="include\controlr2_interface.h">
      <Filter>Header Files</Filter>
    </ClInclude>
    <ClInclude Include="..\Common\message_utilities.h">
      <Filter>common</Filter>
    </ClInclude>
    <ClInclude Include="..\Common\string_utilities.h">
      <Filter>common</Filter>
    </ClInclude>
    <ClInclude Include="..\PB\variable.pb.h">
      <Filter>PB</Filter>
    </ClInclude>
    <ClInclude Include="include\console_graphics_device.h">
      <Filter>Header Files</Filter>
    </ClInclude>
    <ClInclude Include="include\gdi_graphics_device.h">
      <Filter>Header Files</Filter>
    </ClInclude>
    <ClInclude Include="include\spreadsheet_graphics_device.h">
      <Filter>Header Files</Filter>
    </ClInclude>
    <ClInclude Include="include\message_graphics_device.h">
      <Filter>Header Files</Filter>
    </ClInclude>
  </ItemGroup>
  <ItemGroup>
    <ClCompile Include="src\controlr2.cc">
      <Filter>Source Files</Filter>
    </ClCompile>
    <ClCompile Include="src\rinterface_win.cc">
      <Filter>Source Files</Filter>
    </ClCompile>
    <ClCompile Include="src\convert.cc">
      <Filter>Source Files</Filter>
    </ClCompile>
    <ClCompile Include="src\rinterface_common.cc">
      <Filter>Source Files</Filter>
    </ClCompile>
    <ClCompile Include="..\Common\message_utilities.cc">
      <Filter>common</Filter>
    </ClCompile>
    <ClCompile Include="..\PB\variable.pb.cc">
      <Filter>PB</Filter>
    </ClCompile>
    <ClCompile Include="src\console_graphics_device.cc">
      <Filter>Source Files</Filter>
    </ClCompile>
    <ClCompile Include="src\gdi_graphics_device.cc">
      <Filter>Source Files</Filter>
    </ClCompile>
    <ClCompile Include="src\spreadsheet_graphics_device.cc">
      <Filter>Source Files</Filter>
    </ClCompile>
    <ClCompile Include="src\message_graphics_device.cc">
      <Filter>Source Files</Filter>
    </ClCompile>
  </ItemGroup>
</Project>