<?xml version="1.0" encoding="utf-8"?>
<Project ToolsVersion="4.0" xmlns="http://schemas.microsoft.com/developer/msbuild/2003">
  <ItemGroup>
    <Filter Include="source">
      <UniqueIdentifier>{171a378d-f603-4cdf-9c66-cec0b65d95cb}</UniqueIdentifier>
    </Filter>
    <Filter Include="include">
      <UniqueIdentifier>{6839659f-062b-40ca-acbd-14d0e71b613a}</UniqueIdentifier>
    </Filter>
    <Filter Include="R">
      <UniqueIdentifier>{d0318f18-87ac-4f4a-8c25-85db8c49c5e6}</UniqueIdentifier>
    </Filter>
    <Filter Include="ExcelLib">
      <UniqueIdentifier>{e89b11b5-95b2-4c71-af28-3347bcfcc847}</UniqueIdentifier>
    </Filter>
    <Filter Include="PB">
      <UniqueIdentifier>{7cf281e1-904c-4b27-a3bc-37af0696e5a2}</UniqueIdentifier>
    </Filter>
    <Filter Include="language-services">
      <UniqueIdentifier>{1842e8ea-b1af-4f61-84ac-231b63ca436b}</UniqueIdentifier>
    </Filter>
  </ItemGroup>
  <ItemGroup>
    <ClInclude Include="include\stdafx.h">
      <Filter>include</Filter>
    </ClInclude>
    <ClInclude Include="include\targetver.h">
      <Filter>include</Filter>
    </ClInclude>
    <ClInclude Include="ExcelLib\XLCALL.H">
      <Filter>ExcelLib</Filter>
    </ClInclude>
    <ClInclude Include="..\..\PB\variable.pb.h">
      <Filter>PB</Filter>
    </ClInclude>
    <ClInclude Include="resource.h" />
    <ClInclude Include="include\bert.h">
      <Filter>include</Filter>
    </ClInclude>
    <ClInclude Include="include\windows_api_functions.h">
      <Filter>include</Filter>
    </ClInclude>
    <ClInclude Include="include\type_conversions.h">
      <Filter>include</Filter>
    </ClInclude>
    <ClInclude Include="include\basic_functions.h">
      <Filter>include</Filter>
    </ClInclude>
    <ClInclude Include="include\bert_version.h">
      <Filter>include</Filter>
    </ClInclude>
    <ClInclude Include="include\com_object_map.h">
      <Filter>include</Filter>
    </ClInclude>
    <ClInclude Include="include\function_descriptor.h">
      <Filter>include</Filter>
    </ClInclude>
    <ClInclude Include="include\excel_com_type_libraries.h">
      <Filter>include</Filter>
    </ClInclude>
    <ClInclude Include="include\string_utilities.h">
      <Filter>include</Filter>
    </ClInclude>
    <ClInclude Include="include\message_utilities.h">
      <Filter>PB</Filter>
    </ClInclude>
    <ClInclude Include="include\callback_info.h">
      <Filter>include</Filter>
    </ClInclude>
    <ClInclude Include="include\language_service.h">
      <Filter>language-services</Filter>
    </ClInclude>
    <ClInclude Include="include\language_keys.h">
      <Filter>language-services</Filter>
    </ClInclude>
    <ClInclude Include="include\language_service_julia.h">
      <Filter>language-services</Filter>
    </ClInclude>
    <ClInclude Include="include\language_service_r.h">
      <Filter>language-services</Filter>
    </ClInclude>
  </ItemGroup>
  <ItemGroup>
    <None Include="R\startup.R">
      <Filter>R</Filter>
    </None>
    <None Include="..\..\PB\variable.proto">
      <Filter>PB</Filter>
    </None>
    <None Include="src\bert.def">
      <Filter>source</Filter>
    </None>
    <None Include="Startup.jl" />
  </ItemGroup>
  <ItemGroup>
    <ClCompile Include="src\dllmain.cpp">
      <Filter>source</Filter>
    </ClCompile>
    <ClCompile Include="ExcelLib\XLCALL.CPP">
      <Filter>ExcelLib</Filter>
    </ClCompile>
    <ClCompile Include="..\..\PB\variable.pb.cc">
      <Filter>PB</Filter>
    </ClCompile>
    <ClCompile Include="src\bert.cc">
      <Filter>source</Filter>
    </ClCompile>
    <ClCompile Include="src\windows_api_functions.cc">
      <Filter>source</Filter>
    </ClCompile>
    <ClCompile Include="src\debug_functions.cc">
      <Filter>source</Filter>
    </ClCompile>
    <ClCompile Include="src\basic_functions.cc">
      <Filter>source</Filter>
    </ClCompile>
    <ClCompile Include="src\com_object_map.cc">
      <Filter>source</Filter>
    </ClCompile>
    <ClCompile Include="src\excel_api_functions.cc">
      <Filter>source</Filter>
    </ClCompile>
    <ClCompile Include="src\language_service.cc">
      <Filter>language-services</Filter>
    </ClCompile>
  </ItemGroup>
  <ItemGroup>
    <ResourceCompile Include="BERT.rc" />
  </ItemGroup>
</Project>